
Microsoft Visual Studio Solution File, Format Version 12.00
# Visual Studio Version 17
VisualStudioVersion = 17.5.33424.131
MinimumVisualStudioVersion = 10.0.40219.1
Project("{FAE04EC0-301F-11D3-BF4B-00C04F79EFBC}") = "DeadlockDemo", "DeadlockDemo\DeadlockDemo.csproj", "{E4D52428-E4B8-495C-90D6-70831CDDFF95}"
EndProject
Project("{2150E333-8FDC-42A3-9474-1A3956D46DE8}") = "Solution Items", "Solution Items", "{F99FBD63-82D9-4847-99F1-2775673FD44A}"
	ProjectSection(SolutionItems) = preProject
		.gitignore = .gitignore
	EndProjectSection
EndProject
Global
	GlobalSection(SolutionConfigurationPlatforms) = preSolution
		Debug|Any CPU = Debug|Any CPU
		Release|Any CPU = Release|Any CPU
	EndGlobalSection
	GlobalSection(ProjectConfigurationPlatforms) = postSolution
		{E4D52428-E4B8-495C-90D6-70831CDDFF95}.Debug|Any CPU.ActiveCfg = Debug|Any CPU
		{E4D52428-E4B8-495C-90D6-70831CDDFF95}.Debug|Any CPU.Build.0 = Debug|Any CPU
		{E4D52428-E4B8-495C-90D6-70831CDDFF95}.Release|Any CPU.ActiveCfg = Release|Any CPU
		{E4D52428-E4B8-495C-90D6-70831CDDFF95}.Release|Any CPU.Build.0 = Release|Any CPU
	EndGlobalSection
	GlobalSection(SolutionProperties) = preSolution
		HideSolutionNode = FALSE
	EndGlobalSection
	GlobalSection(ExtensibilityGlobals) = postSolution
		SolutionGuid = {0936AFB4-8B27-4468-BA95-C2C21CC0343C}
	EndGlobalSection
EndGlobal
